hash: cfe89b5a74b9701ddcf027a871aa4e6f384b237a107dcb72d50affede8ec3925
updated: 2017-10-30T20:03:12.338294224Z
imports:
- name: github.com/armon/go-metrics
  version: 9a4b6e10bed6220a1665955aa2b75afc91eb10b3
- name: github.com/aws/aws-sdk-go
  version: c30658e062b4460a71ccb3514be7987149b39263
  subpackages:
  - aws
  - aws/awserr
  - aws/awsutil
  - aws/client
  - aws/client/metadata
  - aws/corehandlers
  - aws/credentials
  - aws/credentials/ec2rolecreds
  - aws/credentials/endpointcreds
  - aws/credentials/stscreds
  - aws/defaults
  - aws/ec2metadata
  - aws/endpoints
  - aws/request
  - aws/session
  - aws/signer/v4
  - internal/shareddefaults
  - private/protocol
  - private/protocol/json/jsonutil
  - private/protocol/jsonrpc
  - private/protocol/query
  - private/protocol/query/queryutil
  - private/protocol/rest
  - private/protocol/restxml
  - private/protocol/xml/xmlutil
  - service/firehose
  - service/s3
  - service/sqs
  - service/sts
- name: github.com/beorn7/perks
  version: 4c0e84591b9aa9e6dcfdf3e020114cd81f89d5f9
  subpackages:
  - quantile
- name: github.com/go-ini/ini
  version: f280b3ba517bf5fc98922624f21fb0e7a92adaec
- name: github.com/go-kit/kit
  version: e2b298466b32c7cd5579a9b9b07e968fc9d9452c
  subpackages:
  - log
  - log/level
- name: github.com/go-logfmt/logfmt
  version: 390ab7935ee28ec6b286364bba9b4dd6410cb3d5
- name: github.com/go-stack/stack
  version: 817915b46b97fd7bb80e8ab6b69f01a53ac3eebf
- name: github.com/golang/mock
  version: 61503c535dc549c7ffc1ff07902345658a0f20a2
  subpackages:
  - gomock
- name: github.com/golang/protobuf
  version: 1643683e1b54a9e88ad26d98f81400c8c9d9f4f9
  subpackages:
  - proto
- name: github.com/gorilla/mux
  version: 7625a85c14e615274a4ee4bc8654f72310a563e4
- name: github.com/hashicorp/errwrap
  version: 7554cd9344cec97297fa6649b055a8c98c2a1e55
- name: github.com/hashicorp/go-immutable-radix
  version: 8aac2701530899b64bdea735a1de8da899815220
- name: github.com/hashicorp/go-msgpack
  version: fa3f63826f7c23912c15263591e65d54d080b458
  subpackages:
  - codec
- name: github.com/hashicorp/go-multierror
  version: 83588e72410abfbe4df460eeb6f30841ae47d4c4
- name: github.com/hashicorp/go-sockaddr
  version: 9b4c5fa5b10a683339a270d664474b9f4aee62fc
- name: github.com/hashicorp/golang-lru
  version: 0a025b7e63adc15a622f29b0b2c4c3848243bbf6
  subpackages:
  - simplelru
- name: github.com/hashicorp/memberlist
  version: 687988a0b5daaf7ed5051e5e374aef27f8254822
- name: github.com/hashicorp/serf
  version: c20a0b1b1ea9eb8168bcdec0116688fa9254e449
  subpackages:
  - coordinate
  - serf
- name: github.com/jmespath/go-jmespath
  version: bd40a432e4c76585ef6b72d3fd96fb9b6dc7b68d
- name: github.com/kr/logfmt
  version: b84e30acd515aadc4b783ad4ff83aff3299bdfe0
- name: github.com/lib/pq
  version: b609790bd85edf8e9ab7e0f8912750a786177bcf
- name: github.com/matttproud/golang_protobuf_extensions
  version: c12348ce28de40eed0136aa2b644d0ee0650e56c
  subpackages:
  - pbutil
- name: github.com/miekg/dns
  version: a5852667e3c36e2e0b0a69ab43869e00e95aacdf
  subpackages:
  - internal/socket
- name: github.com/pborman/uuid
  version: e790cca94e6cc75c7064b1332e63811d4aae1a53
- name: github.com/pkg/errors
  version: f15c970de5b76fac0b59abb32d62c17cc7bed265
- name: github.com/prometheus/client_golang
  version: 5cec1d0429b02e4323e042eb04dafdb079ddf568
  subpackages:
  - prometheus
  - prometheus/promhttp
- name: github.com/prometheus/client_model
  version: 6f3806018612930941127f2a7c6c453ba2c527d2
  subpackages:
  - go
- name: github.com/prometheus/common
  version: 1bab55dd05dbff384524a6a1c99006d9eb5f139b
  subpackages:
  - expfmt
  - internal/bitbucket.org/ww/goautoneg
  - model
- name: github.com/prometheus/procfs
  version: a6e9df898b1336106c743392c48ee0b71f5c4efa
  subpackages:
  - xfs
- name: github.com/prometheus/prometheus
  version: d93273c4dcfbbeb5b0c137a7ac19911e7a47a7e3
- name: github.com/sean-/seed
  version: e2103e2c35297fb7e17febb81e49b312087a2372
- name: github.com/SimonRichardson/betwixt
  version: 6bf309fe8d963cc635eeabbf73d82430c72761e5
- name: github.com/SimonRichardson/flagset
  version: 7f42c6fc3337747a51951bfa340665800fb71dac
- name: github.com/SimonRichardson/gexec
  version: c3f2b6a0a84bbf048eafea7f53c393899492806b
- name: github.com/SimonRichardson/resilience
  version: c9b80ae73fd9af041322eb84924538df18dfa9a5
  subpackages:
  - breaker
  - clock
  - retrier
  - timer
- name: github.com/trussle/fsys
  version: 182e67f78d3ce14f6ad30c95bbf7ac09393a8c2f
  subpackages:
  - ioext
  - lock
  - mmap
- name: golang.org/x/net
  version: c73622c77280266305273cb545f54516ced95b93
  subpackages:
  - context
testImports: []
